
Microsoft Visual Studio Solution File, Format Version 12.00
# Visual Studio 15
VisualStudioVersion = 15.0.28010.2041
MinimumVisualStudioVersion = 10.0.40219.1
Project("{9A19103F-16F7-4668-BE54-9A1E7A4F7556}") = "shopBrowse", "Promations\shopBrowse.csproj", "{3F249479-9409-47E7-A075-A47A6B4E9955}"
EndProject
Global
	GlobalSection(SolutionConfigurationPlatforms) = preSolution
		Debug|Any CPU = Debug|Any CPU
		Release|Any CPU = Release|Any CPU
	EndGlobalSection
	GlobalSection(ProjectConfigurationPlatforms) = postSolution
		{3F249479-9409-47E7-A075-A47A6B4E9955}.Debug|Any CPU.ActiveCfg = Debug|Any CPU
		{3F249479-9409-47E7-A075-A47A6B4E9955}.Debug|Any CPU.Build.0 = Debug|Any CPU
		{3F249479-9409-47E7-A075-A47A6B4E9955}.Release|Any CPU.ActiveCfg = Release|Any CPU
		{3F249479-9409-47E7-A075-A47A6B4E9955}.Release|Any CPU.Build.0 = Release|Any CPU
	EndGlobalSection
	GlobalSection(SolutionProperties) = preSolution
		HideSolutionNode = FALSE
	EndGlobalSection
	GlobalSection(ExtensibilityGlobals) = postSolution
		SolutionGuid = {23B0015D-C859-4A35-A128-2810C716CD59}
	EndGlobalSection
EndGlobal
